// !$*UTF8*$!
{
	archiveVersion = 1;
	classes = {
	};
	objectVersion = 50;
	objects = {

/* Begin PBXBuildFile section */
		BA0618F62714DC5400B6DCFE /* ParametrFilms.swift in Sources */ = {isa = PBXBuildFile; fileRef = BA0618F52714DC5400B6DCFE /* ParametrFilms.swift */; };
		BA0618FB2714DEDD00B6DCFE /* MovieViewModel.swift in Sources */ = {isa = PBXBuildFile; fileRef = BA0618FA2714DEDD00B6DCFE /* MovieViewModel.swift */; };
		BA06190A2715C2A400B6DCFE /* DetailModel.swift in Sources */ = {isa = PBXBuildFile; fileRef = BA0619092715C2A400B6DCFE /* DetailModel.swift */; };
		BA0619192715C31300B6DCFE /* MovieAPIService.swift in Sources */ = {isa = PBXBuildFile; fileRef = BA0619182715C31300B6DCFE /* MovieAPIService.swift */; };
		BA0619252715DAEB00B6DCFE /* DetailViewModel.swift in Sources */ = {isa = PBXBuildFile; fileRef = BA0619242715DAEB00B6DCFE /* DetailViewModel.swift */; };
		BA06192E2715EAB300B6DCFE /* ImageAPIService.swift in Sources */ = {isa = PBXBuildFile; fileRef = BA06192D2715EAB300B6DCFE /* ImageAPIService.swift */; };
		BA06193A271710E300B6DCFE /* AssemblyModule.swift in Sources */ = {isa = PBXBuildFile; fileRef = BA061939271710E300B6DCFE /* AssemblyModule.swift */; };
		BA06193F2717135E00B6DCFE /* BaseCoordinator.swift in Sources */ = {isa = PBXBuildFile; fileRef = BA06193E2717135E00B6DCFE /* BaseCoordinator.swift */; };
		BA06194D27172D4700B6DCFE /* ApplicationCoordinator.swift in Sources */ = {isa = PBXBuildFile; fileRef = BA06194C27172D4700B6DCFE /* ApplicationCoordinator.swift */; };
		BA06195527172D5C00B6DCFE /* MainCoordinator.swift in Sources */ = {isa = PBXBuildFile; fileRef = BA06195427172D5C00B6DCFE /* MainCoordinator.swift */; };
		BA06196A2717743C00B6DCFE /* Typealiases.swift in Sources */ = {isa = PBXBuildFile; fileRef = BA0619692717743C00B6DCFE /* Typealiases.swift */; };
		BA85C4DE27143BD300E29EBB /* AppDelegate.swift in Sources */ = {isa = PBXBuildFile; fileRef = BA85C4DD27143BD300E29EBB /* AppDelegate.swift */; };
		BA85C4E027143BD300E29EBB /* SceneDelegate.swift in Sources */ = {isa = PBXBuildFile; fileRef = BA85C4DF27143BD300E29EBB /* SceneDelegate.swift */; };
		BA85C4E527143BD300E29EBB /* Main.storyboard in Resources */ = {isa = PBXBuildFile; fileRef = BA85C4E327143BD300E29EBB /* Main.storyboard */; };
		BA85C4E727143BD500E29EBB /* Assets.xcassets in Resources */ = {isa = PBXBuildFile; fileRef = BA85C4E627143BD500E29EBB /* Assets.xcassets */; };
		BA85C4EA27143BD500E29EBB /* LaunchScreen.storyboard in Resources */ = {isa = PBXBuildFile; fileRef = BA85C4E827143BD500E29EBB /* LaunchScreen.storyboard */; };
		BA85C4F527143BD600E29EBB /* MovieMVVMTests.swift in Sources */ = {isa = PBXBuildFile; fileRef = BA85C4F427143BD600E29EBB /* MovieMVVMTests.swift */; };
		BA85C50027143BD600E29EBB /* MovieMVVMUITests.swift in Sources */ = {isa = PBXBuildFile; fileRef = BA85C4FF27143BD600E29EBB /* MovieMVVMUITests.swift */; };
		BA85C51427143D8D00E29EBB /* Film.swift in Sources */ = {isa = PBXBuildFile; fileRef = BA85C51327143D8D00E29EBB /* Film.swift */; };
		BA85C51D27143DD800E29EBB /* MainTableViewController.swift in Sources */ = {isa = PBXBuildFile; fileRef = BA85C51C27143DD800E29EBB /* MainTableViewController.swift */; };
		BA85C52527143E0100E29EBB /* DetailTableViewController.swift in Sources */ = {isa = PBXBuildFile; fileRef = BA85C52427143E0100E29EBB /* DetailTableViewController.swift */; };
		BA85C53427143E6000E29EBB /* FilmsTableViewCell.swift in Sources */ = {isa = PBXBuildFile; fileRef = BA85C53327143E6000E29EBB /* FilmsTableViewCell.swift */; };
		BA85C53D27143E9400E29EBB /* DetailTableViewCell.swift in Sources */ = {isa = PBXBuildFile; fileRef = BA85C53C27143E9400E29EBB /* DetailTableViewCell.swift */; };
/* End PBXBuildFile section */

/* Begin PBXContainerItemProxy section */
		BA85C4F127143BD600E29EBB /* PBXContainerItemProxy */ = {
			isa = PBXContainerItemProxy;
			containerPortal = BA85C4D227143BD300E29EBB /* Project object */;
			proxyType = 1;
			remoteGlobalIDString = BA85C4D927143BD300E29EBB;
			remoteInfo = MovieMVVM;
		};
		BA85C4FC27143BD600E29EBB /* PBXContainerItemProxy */ = {
			isa = PBXContainerItemProxy;
			containerPortal = BA85C4D227143BD300E29EBB /* Project object */;
			proxyType = 1;
			remoteGlobalIDString = BA85C4D927143BD300E29EBB;
			remoteInfo = MovieMVVM;
		};
/* End PBXContainerItemProxy section */

/* Begin PBXFileReference section */
		BA0618F52714DC5400B6DCFE /* ParametrFilms.swift */ = {isa = PBXFileReference; lastKnownFileType = sourcecode.swift; path = ParametrFilms.swift; sourceTree = "<group>"; };
		BA0618FA2714DEDD00B6DCFE /* MovieViewModel.swift */ = {isa = PBXFileReference; lastKnownFileType = sourcecode.swift; path = MovieViewModel.swift; sourceTree = "<group>"; };
		BA0619092715C2A400B6DCFE /* DetailModel.swift */ = {isa = PBXFileReference; lastKnownFileType = sourcecode.swift; path = DetailModel.swift; sourceTree = "<group>"; };
		BA0619182715C31300B6DCFE /* MovieAPIService.swift */ = {isa = PBXFileReference; lastKnownFileType = sourcecode.swift; path = MovieAPIService.swift; sourceTree = "<group>"; };
		BA0619242715DAEB00B6DCFE /* DetailViewModel.swift */ = {isa = PBXFileReference; lastKnownFileType = sourcecode.swift; path = DetailViewModel.swift; sourceTree = "<group>"; };
		BA06192D2715EAB300B6DCFE /* ImageAPIService.swift */ = {isa = PBXFileReference; lastKnownFileType = sourcecode.swift; path = ImageAPIService.swift; sourceTree = "<group>"; };
		BA061939271710E300B6DCFE /* AssemblyModule.swift */ = {isa = PBXFileReference; lastKnownFileType = sourcecode.swift; path = AssemblyModule.swift; sourceTree = "<group>"; };
		BA06193E2717135E00B6DCFE /* BaseCoordinator.swift */ = {isa = PBXFileReference; lastKnownFileType = sourcecode.swift; path = BaseCoordinator.swift; sourceTree = "<group>"; };
		BA06194C27172D4700B6DCFE /* ApplicationCoordinator.swift */ = {isa = PBXFileReference; lastKnownFileType = sourcecode.swift; path = ApplicationCoordinator.swift; sourceTree = "<group>"; };
		BA06195427172D5C00B6DCFE /* MainCoordinator.swift */ = {isa = PBXFileReference; lastKnownFileType = sourcecode.swift; path = MainCoordinator.swift; sourceTree = "<group>"; };
		BA0619692717743C00B6DCFE /* Typealiases.swift */ = {isa = PBXFileReference; lastKnownFileType = sourcecode.swift; path = Typealiases.swift; sourceTree = "<group>"; };
		BA85C4DA27143BD300E29EBB /* MovieMVVM.app */ = {isa = PBXFileReference; explicitFileType = wrapper.application; includeInIndex = 0; path = MovieMVVM.app; sourceTree = BUILT_PRODUCTS_DIR; };
		BA85C4DD27143BD300E29EBB /* AppDelegate.swift */ = {isa = PBXFileReference; lastKnownFileType = sourcecode.swift; path = AppDelegate.swift; sourceTree = "<group>"; };
		BA85C4DF27143BD300E29EBB /* SceneDelegate.swift */ = {isa = PBXFileReference; lastKnownFileType = sourcecode.swift; path = SceneDelegate.swift; sourceTree = "<group>"; };
		BA85C4E427143BD300E29EBB /* Base */ = {isa = PBXFileReference; lastKnownFileType = file.storyboard; name = Base; path = Base.lproj/Main.storyboard; sourceTree = "<group>"; };
		BA85C4E627143BD500E29EBB /* Assets.xcassets */ = {isa = PBXFileReference; lastKnownFileType = folder.assetcatalog; path = Assets.xcassets; sourceTree = "<group>"; };
		BA85C4E927143BD500E29EBB /* Base */ = {isa = PBXFileReference; lastKnownFileType = file.storyboard; name = Base; path = Base.lproj/LaunchScreen.storyboard; sourceTree = "<group>"; };
		BA85C4EB27143BD500E29EBB /* Info.plist */ = {isa = PBXFileReference; lastKnownFileType = text.plist.xml; path = Info.plist; sourceTree = "<group>"; };
		BA85C4F027143BD600E29EBB /* MovieMVVMTests.xctest */ = {isa = PBXFileReference; explicitFileType = wrapper.cfbundle; includeInIndex = 0; path = MovieMVVMTests.xctest; sourceTree = BUILT_PRODUCTS_DIR; };
		BA85C4F427143BD600E29EBB /* MovieMVVMTests.swift */ = {isa = PBXFileReference; lastKnownFileType = sourcecode.swift; path = MovieMVVMTests.swift; sourceTree = "<group>"; };
		BA85C4F627143BD600E29EBB /* Info.plist */ = {isa = PBXFileReference; lastKnownFileType = text.plist.xml; path = Info.plist; sourceTree = "<group>"; };
		BA85C4FB27143BD600E29EBB /* MovieMVVMUITests.xctest */ = {isa = PBXFileReference; explicitFileType = wrapper.cfbundle; includeInIndex = 0; path = MovieMVVMUITests.xctest; sourceTree = BUILT_PRODUCTS_DIR; };
		BA85C4FF27143BD600E29EBB /* MovieMVVMUITests.swift */ = {isa = PBXFileReference; lastKnownFileType = sourcecode.swift; path = MovieMVVMUITests.swift; sourceTree = "<group>"; };
		BA85C50127143BD600E29EBB /* Info.plist */ = {isa = PBXFileReference; lastKnownFileType = text.plist.xml; path = Info.plist; sourceTree = "<group>"; };
		BA85C51327143D8D00E29EBB /* Film.swift */ = {isa = PBXFileReference; lastKnownFileType = sourcecode.swift; path = Film.swift; sourceTree = "<group>"; };
		BA85C51C27143DD800E29EBB /* MainTableViewController.swift */ = {isa = PBXFileReference; lastKnownFileType = sourcecode.swift; path = MainTableViewController.swift; sourceTree = "<group>"; };
		BA85C52427143E0100E29EBB /* DetailTableViewController.swift */ = {isa = PBXFileReference; lastKnownFileType = sourcecode.swift; path = DetailTableViewController.swift; sourceTree = "<group>"; };
		BA85C53327143E6000E29EBB /* FilmsTableViewCell.swift */ = {isa = PBXFileReference; lastKnownFileType = sourcecode.swift; path = FilmsTableViewCell.swift; sourceTree = "<group>"; };
		BA85C53C27143E9400E29EBB /* DetailTableViewCell.swift */ = {isa = PBXFileReference; lastKnownFileType = sourcecode.swift; path = DetailTableViewCell.swift; sourceTree = "<group>"; };
/* End PBXFileReference section */

/* Begin PBXFrameworksBuildPhase section */
		BA85C4D727143BD300E29EBB /* Frameworks */ = {
			isa = PBXFrameworksBuildPhase;
			buildActionMask = 2147483647;
			files = (
			);
			runOnlyForDeploymentPostprocessing = 0;
		};
		BA85C4ED27143BD600E29EBB /* Frameworks */ = {
			isa = PBXFrameworksBuildPhase;
			buildActionMask = 2147483647;
			files = (
			);
			runOnlyForDeploymentPostprocessing = 0;
		};
		BA85C4F827143BD600E29EBB /* Frameworks */ = {
			isa = PBXFrameworksBuildPhase;
			buildActionMask = 2147483647;
			files = (
			);
			runOnlyForDeploymentPostprocessing = 0;
		};
/* End PBXFrameworksBuildPhase section */

/* Begin PBXGroup section */
		BA0618FF2714DEE100B6DCFE /* ViewModel */ = {
			isa = PBXGroup;
			children = (
				BA0618FA2714DEDD00B6DCFE /* MovieViewModel.swift */,
			);
			path = ViewModel;
			sourceTree = "<group>";
		};
		BA0619112715C2A800B6DCFE /* Model */ = {
			isa = PBXGroup;
			children = (
				BA0619092715C2A400B6DCFE /* DetailModel.swift */,
			);
			path = Model;
			sourceTree = "<group>";
		};
		BA06191D2715C31E00B6DCFE /* APIService */ = {
			isa = PBXGroup;
			children = (
				BA0619182715C31300B6DCFE /* MovieAPIService.swift */,
				BA06192D2715EAB300B6DCFE /* ImageAPIService.swift */,
			);
			path = APIService;
			sourceTree = "<group>";
		};
		BA0619292715DAF200B6DCFE /* ViewModel */ = {
			isa = PBXGroup;
			children = (
				BA0619242715DAEB00B6DCFE /* DetailViewModel.swift */,
			);
			path = ViewModel;
			sourceTree = "<group>";
		};
		BA06194427172D0000B6DCFE /* Coordinators */ = {
			isa = PBXGroup;
			children = (
				BA06193E2717135E00B6DCFE /* BaseCoordinator.swift */,
				BA06194C27172D4700B6DCFE /* ApplicationCoordinator.swift */,
				BA0619592717360F00B6DCFE /* FlowsCoordinators */,
			);
			path = Coordinators;
			sourceTree = "<group>";
		};
		BA06194827172D1000B6DCFE /* Assembly */ = {
			isa = PBXGroup;
			children = (
				BA061939271710E300B6DCFE /* AssemblyModule.swift */,
			);
			path = Assembly;
			sourceTree = "<group>";
		};
		BA0619592717360F00B6DCFE /* FlowsCoordinators */ = {
			isa = PBXGroup;
			children = (
				BA06195427172D5C00B6DCFE /* MainCoordinator.swift */,
			);
			path = FlowsCoordinators;
			sourceTree = "<group>";
		};
		BA85C4D127143BD300E29EBB = {
			isa = PBXGroup;
			children = (
				BA85C4DC27143BD300E29EBB /* MovieMVVM */,
				BA85C4F327143BD600E29EBB /* MovieMVVMTests */,
				BA85C4FE27143BD600E29EBB /* MovieMVVMUITests */,
				BA85C4DB27143BD300E29EBB /* Products */,
			);
			sourceTree = "<group>";
		};
		BA85C4DB27143BD300E29EBB /* Products */ = {
			isa = PBXGroup;
			children = (
				BA85C4DA27143BD300E29EBB /* MovieMVVM.app */,
				BA85C4F027143BD600E29EBB /* MovieMVVMTests.xctest */,
				BA85C4FB27143BD600E29EBB /* MovieMVVMUITests.xctest */,
			);
			name = Products;
			sourceTree = "<group>";
		};
		BA85C4DC27143BD300E29EBB /* MovieMVVM */ = {
			isa = PBXGroup;
			children = (
				BA85C4EB27143BD500E29EBB /* Info.plist */,
				BA06194427172D0000B6DCFE /* Coordinators */,
				BA06194827172D1000B6DCFE /* Assembly */,
				BA06191D2715C31E00B6DCFE /* APIService */,
				BA85C5492714411400E29EBB /* Module */,
				BA85C5532714415900E29EBB /* Settings */,
				BA85C5482714410000E29EBB /* Resources */,
			);
			path = MovieMVVM;
			sourceTree = "<group>";
		};
		BA85C4F327143BD600E29EBB /* MovieMVVMTests */ = {
			isa = PBXGroup;
			children = (
				BA85C4F427143BD600E29EBB /* MovieMVVMTests.swift */,
				BA85C4F627143BD600E29EBB /* Info.plist */,
			);
			path = MovieMVVMTests;
			sourceTree = "<group>";
		};
		BA85C4FE27143BD600E29EBB /* MovieMVVMUITests */ = {
			isa = PBXGroup;
			children = (
				BA85C4FF27143BD600E29EBB /* MovieMVVMUITests.swift */,
				BA85C50127143BD600E29EBB /* Info.plist */,
			);
			path = MovieMVVMUITests;
			sourceTree = "<group>";
		};
		BA85C51B27143D9100E29EBB /* Model */ = {
			isa = PBXGroup;
			children = (
				BA85C51327143D8D00E29EBB /* Film.swift */,
				BA0618F52714DC5400B6DCFE /* ParametrFilms.swift */,
			);
			path = Model;
			sourceTree = "<group>";
		};
		BA85C52927143E2400E29EBB /* MainModule */ = {
			isa = PBXGroup;
			children = (
				BA85C52E27143E3E00E29EBB /* View */,
				BA85C53827143E7C00E29EBB /* Cell */,
				BA0618FF2714DEE100B6DCFE /* ViewModel */,
				BA85C51B27143D9100E29EBB /* Model */,
			);
			path = MainModule;
			sourceTree = "<group>";
		};
		BA85C52D27143E3100E29EBB /* DetailModule */ = {
			isa = PBXGroup;
			children = (
				BA85C52F27143E4400E29EBB /* View */,
				BA85C54127143EAE00E29EBB /* Cell */,
				BA0619112715C2A800B6DCFE /* Model */,
				BA0619292715DAF200B6DCFE /* ViewModel */,
			);
			path = DetailModule;
			sourceTree = "<group>";
		};
		BA85C52E27143E3E00E29EBB /* View */ = {
			isa = PBXGroup;
			children = (
				BA85C51C27143DD800E29EBB /* MainTableViewController.swift */,
			);
			path = View;
			sourceTree = "<group>";
		};
		BA85C52F27143E4400E29EBB /* View */ = {
			isa = PBXGroup;
			children = (
				BA85C52427143E0100E29EBB /* DetailTableViewController.swift */,
			);
			path = View;
			sourceTree = "<group>";
		};
		BA85C53827143E7C00E29EBB /* Cell */ = {
			isa = PBXGroup;
			children = (
				BA85C53327143E6000E29EBB /* FilmsTableViewCell.swift */,
			);
			path = Cell;
			sourceTree = "<group>";
		};
		BA85C54127143EAE00E29EBB /* Cell */ = {
			isa = PBXGroup;
			children = (
				BA85C53C27143E9400E29EBB /* DetailTableViewCell.swift */,
			);
			path = Cell;
			sourceTree = "<group>";
		};
		BA85C5482714410000E29EBB /* Resources */ = {
			isa = PBXGroup;
			children = (
				BA85C4E627143BD500E29EBB /* Assets.xcassets */,
				BA85C4E827143BD500E29EBB /* LaunchScreen.storyboard */,
			);
			path = Resources;
			sourceTree = "<group>";
		};
		BA85C5492714411400E29EBB /* Module */ = {
			isa = PBXGroup;
			children = (
				BA85C52927143E2400E29EBB /* MainModule */,
				BA85C52D27143E3100E29EBB /* DetailModule */,
			);
			path = Module;
			sourceTree = "<group>";
		};
		BA85C5532714415900E29EBB /* Settings */ = {
			isa = PBXGroup;
			children = (
				BA0619692717743C00B6DCFE /* Typealiases.swift */,
				BA85C4DD27143BD300E29EBB /* AppDelegate.swift */,
				BA85C4DF27143BD300E29EBB /* SceneDelegate.swift */,
				BA85C4E327143BD300E29EBB /* Main.storyboard */,
			);
			path = Settings;
			sourceTree = "<group>";
		};
/* End PBXGroup section */

/* Begin PBXNativeTarget section */
		BA85C4D927143BD300E29EBB /* MovieMVVM */ = {
			isa = PBXNativeTarget;
			buildConfigurationList = BA85C50427143BD600E29EBB /* Build configuration list for PBXNativeTarget "MovieMVVM" */;
			buildPhases = (
				BA85C4D627143BD300E29EBB /* Sources */,
				BA85C4D727143BD300E29EBB /* Frameworks */,
				BA85C4D827143BD300E29EBB /* Resources */,
				BA85C51027143D2100E29EBB /* SwiftFormat */,
				BA85C51127143D4700E29EBB /* SwiftLint */,
			);
			buildRules = (
			);
			dependencies = (
			);
			name = MovieMVVM;
			productName = MovieMVVM;
			productReference = BA85C4DA27143BD300E29EBB /* MovieMVVM.app */;
			productType = "com.apple.product-type.application";
		};
		BA85C4EF27143BD600E29EBB /* MovieMVVMTests */ = {
			isa = PBXNativeTarget;
			buildConfigurationList = BA85C50727143BD600E29EBB /* Build configuration list for PBXNativeTarget "MovieMVVMTests" */;
			buildPhases = (
				BA85C4EC27143BD600E29EBB /* Sources */,
				BA85C4ED27143BD600E29EBB /* Frameworks */,
				BA85C4EE27143BD600E29EBB /* Resources */,
			);
			buildRules = (
			);
			dependencies = (
				BA85C4F227143BD600E29EBB /* PBXTargetDependency */,
			);
			name = MovieMVVMTests;
			productName = MovieMVVMTests;
			productReference = BA85C4F027143BD600E29EBB /* MovieMVVMTests.xctest */;
			productType = "com.apple.product-type.bundle.unit-test";
		};
		BA85C4FA27143BD600E29EBB /* MovieMVVMUITests */ = {
			isa = PBXNativeTarget;
			buildConfigurationList = BA85C50A27143BD600E29EBB /* Build configuration list for PBXNativeTarget "MovieMVVMUITests" */;
			buildPhases = (
				BA85C4F727143BD600E29EBB /* Sources */,
				BA85C4F827143BD600E29EBB /* Frameworks */,
				BA85C4F927143BD600E29EBB /* Resources */,
			);
			buildRules = (
			);
			dependencies = (
				BA85C4FD27143BD600E29EBB /* PBXTargetDependency */,
			);
			name = MovieMVVMUITests;
			productName = MovieMVVMUITests;
			productReference = BA85C4FB27143BD600E29EBB /* MovieMVVMUITests.xctest */;
			productType = "com.apple.product-type.bundle.ui-testing";
		};
/* End PBXNativeTarget section */

/* Begin PBXProject section */
		BA85C4D227143BD300E29EBB /* Project object */ = {
			isa = PBXProject;
			attributes = {
				LastSwiftUpdateCheck = 1240;
				LastUpgradeCheck = 1240;
				TargetAttributes = {
					BA85C4D927143BD300E29EBB = {
						CreatedOnToolsVersion = 12.4;
					};
					BA85C4EF27143BD600E29EBB = {
						CreatedOnToolsVersion = 12.4;
						TestTargetID = BA85C4D927143BD300E29EBB;
					};
					BA85C4FA27143BD600E29EBB = {
						CreatedOnToolsVersion = 12.4;
						TestTargetID = BA85C4D927143BD300E29EBB;
					};
				};
			};
			buildConfigurationList = BA85C4D527143BD300E29EBB /* Build configuration list for PBXProject "MovieMVVM" */;
			compatibilityVersion = "Xcode 9.3";
			developmentRegion = en;
			hasScannedForEncodings = 0;
			knownRegions = (
				en,
				Base,
			);
			mainGroup = BA85C4D127143BD300E29EBB;
			productRefGroup = BA85C4DB27143BD300E29EBB /* Products */;
			projectDirPath = "";
			projectRoot = "";
			targets = (
				BA85C4D927143BD300E29EBB /* MovieMVVM */,
				BA85C4EF27143BD600E29EBB /* MovieMVVMTests */,
				BA85C4FA27143BD600E29EBB /* MovieMVVMUITests */,
			);
		};
/* End PBXProject section */

/* Begin PBXResourcesBuildPhase section */
		BA85C4D827143BD300E29EBB /* Resources */ = {
			isa = PBXResourcesBuildPhase;
			buildActionMask = 2147483647;
			files = (
				BA85C4EA27143BD500E29EBB /* LaunchScreen.storyboard in Resources */,
				BA85C4E727143BD500E29EBB /* Assets.xcassets in Resources */,
				BA85C4E527143BD300E29EBB /* Main.storyboard in Resources */,
			);
			runOnlyForDeploymentPostprocessing = 0;
		};
		BA85C4EE27143BD600E29EBB /* Resources */ = {
			isa = PBXResourcesBuildPhase;
			buildActionMask = 2147483647;
			files = (
			);
			runOnlyForDeploymentPostprocessing = 0;
		};
		BA85C4F927143BD600E29EBB /* Resources */ = {
			isa = PBXResourcesBuildPhase;
			buildActionMask = 2147483647;
			files = (
			);
			runOnlyForDeploymentPostprocessing = 0;
		};
/* End PBXResourcesBuildPhase section */

/* Begin PBXShellScriptBuildPhase section */
		BA85C51027143D2100E29EBB /* SwiftFormat */ = {
			isa = PBXShellScriptBuildPhase;
			buildActionMask = 2147483647;
			files = (
			);
			inputFileListPaths = (
			);
			inputPaths = (
			);
			name = SwiftFormat;
			outputFileListPaths = (
			);
			outputPaths = (
			);
			runOnlyForDeploymentPostprocessing = 0;
			shellPath = /bin/sh;
			shellScript = "# Type a script or drag a script file from your workspace to insert its path.\nif which swiftformat >/dev/null; then\n  swiftformat .\nelse\n  echo \"warning: SwiftFormat not installed, download from https://github.com/nicklockwood/SwiftFormat\"\nfi\n";
		};
		BA85C51127143D4700E29EBB /* SwiftLint */ = {
			isa = PBXShellScriptBuildPhase;
			buildActionMask = 2147483647;
			files = (
			);
			inputFileListPaths = (
			);
			inputPaths = (
			);
			name = SwiftLint;
			outputFileListPaths = (
			);
			outputPaths = (
			);
			runOnlyForDeploymentPostprocessing = 0;
			shellPath = /bin/sh;
			shellScript = "# Type a script or drag a script file from your workspace to insert its path.\nif which swiftlint >/dev/null; then\n  swiftlint\nelse\n  echo \"warning: SwiftLint not installed, download from https://github.com/realm/SwiftLint\"\nfi\n";
		};
/* End PBXShellScriptBuildPhase section */

/* Begin PBXSourcesBuildPhase section */
		BA85C4D627143BD300E29EBB /* Sources */ = {
			isa = PBXSourcesBuildPhase;
			buildActionMask = 2147483647;
			files = (
				BA06195527172D5C00B6DCFE /* MainCoordinator.swift in Sources */,
				BA06192E2715EAB300B6DCFE /* ImageAPIService.swift in Sources */,
				BA06193A271710E300B6DCFE /* AssemblyModule.swift in Sources */,
				BA06193F2717135E00B6DCFE /* BaseCoordinator.swift in Sources */,
				BA85C52527143E0100E29EBB /* DetailTableViewController.swift in Sources */,
				BA85C53D27143E9400E29EBB /* DetailTableViewCell.swift in Sources */,
				BA85C51427143D8D00E29EBB /* Film.swift in Sources */,
				BA85C4DE27143BD300E29EBB /* AppDelegate.swift in Sources */,
				BA85C51D27143DD800E29EBB /* MainTableViewController.swift in Sources */,
				BA0618FB2714DEDD00B6DCFE /* MovieViewModel.swift in Sources */,
				BA0619192715C31300B6DCFE /* MovieAPIService.swift in Sources */,
				BA0619252715DAEB00B6DCFE /* DetailViewModel.swift in Sources */,
				BA06190A2715C2A400B6DCFE /* DetailModel.swift in Sources */,
				BA0618F62714DC5400B6DCFE /* ParametrFilms.swift in Sources */,
				BA06196A2717743C00B6DCFE /* Typealiases.swift in Sources */,
				BA85C4E027143BD300E29EBB /* SceneDelegate.swift in Sources */,
				BA85C53427143E6000E29EBB /* FilmsTableViewCell.swift in Sources */,
				BA06194D27172D4700B6DCFE /* ApplicationCoordinator.swift in Sources */,
			);
			runOnlyForDeploymentPostprocessing = 0;
		};
		BA85C4EC27143BD600E29EBB /* Sources */ = {
			isa = PBXSourcesBuildPhase;
			buildActionMask = 2147483647;
			files = (
				BA85C4F527143BD600E29EBB /* MovieMVVMTests.swift in Sources */,
			);
			runOnlyForDeploymentPostprocessing = 0;
		};
		BA85C4F727143BD600E29EBB /* Sources */ = {
			isa = PBXSourcesBuildPhase;
			buildActionMask = 2147483647;
			files = (
				BA85C50027143BD600E29EBB /* MovieMVVMUITests.swift in Sources */,
			);
			runOnlyForDeploymentPostprocessing = 0;
		};
/* End PBXSourcesBuildPhase section */

/* Begin PBXTargetDependency section */
		BA85C4F227143BD600E29EBB /* PBXTargetDependency */ = {
			isa = PBXTargetDependency;
			target = BA85C4D927143BD300E29EBB /* MovieMVVM */;
			targetProxy = BA85C4F127143BD600E29EBB /* PBXContainerItemProxy */;
		};
		BA85C4FD27143BD600E29EBB /* PBXTargetDependency */ = {
			isa = PBXTargetDependency;
			target = BA85C4D927143BD300E29EBB /* MovieMVVM */;
			targetProxy = BA85C4FC27143BD600E29EBB /* PBXContainerItemProxy */;
		};
/* End PBXTargetDependency section */

/* Begin PBXVariantGroup section */
		BA85C4E327143BD300E29EBB /* Main.storyboard */ = {
			isa = PBXVariantGroup;
			children = (
				BA85C4E427143BD300E29EBB /* Base */,
			);
			name = Main.storyboard;
			sourceTree = "<group>";
		};
		BA85C4E827143BD500E29EBB /* LaunchScreen.storyboard */ = {
			isa = PBXVariantGroup;
			children = (
				BA85C4E927143BD500E29EBB /* Base */,
			);
			name = LaunchScreen.storyboard;
			sourceTree = "<group>";
		};
/* End PBXVariantGroup section */

/* Begin XCBuildConfiguration section */
		BA85C50227143BD600E29EBB /* Debug */ = {
			isa = XCBuildConfiguration;
			buildSettings = {
				ALWAYS_SEARCH_USER_PATHS = NO;
				CLANG_ANALYZER_NONNULL = YES;
				CLANG_ANALYZER_NUMBER_OBJECT_CONVERSION = YES_AGGRESSIVE;
				CLANG_CXX_LANGUAGE_STANDARD = "gnu++14";
				CLANG_CXX_LIBRARY = "libc++";
				CLANG_ENABLE_MODULES = YES;
				CLANG_ENABLE_OBJC_ARC = YES;
				CLANG_ENABLE_OBJC_WEAK = YES;
				CLANG_WARN_BLOCK_CAPTURE_AUTORELEASING = YES;
				CLANG_WARN_BOOL_CONVERSION = YES;
				CLANG_WARN_COMMA = YES;
				CLANG_WARN_CONSTANT_CONVERSION = YES;
				CLANG_WARN_DEPRECATED_OBJC_IMPLEMENTATIONS = YES;
				CLANG_WARN_DIRECT_OBJC_ISA_USAGE = YES_ERROR;
				CLANG_WARN_DOCUMENTATION_COMMENTS = YES;
				CLANG_WARN_EMPTY_BODY = YES;
				CLANG_WARN_ENUM_CONVERSION = YES;
				CLANG_WARN_INFINITE_RECURSION = YES;
				CLANG_WARN_INT_CONVERSION = YES;
				CLANG_WARN_NON_LITERAL_NULL_CONVERSION = YES;
				CLANG_WARN_OBJC_IMPLICIT_RETAIN_SELF = YES;
				CLANG_WARN_OBJC_LITERAL_CONVERSION = YES;
				CLANG_WARN_OBJC_ROOT_CLASS = YES_ERROR;
				CLANG_WARN_QUOTED_INCLUDE_IN_FRAMEWORK_HEADER = YES;
				CLANG_WARN_RANGE_LOOP_ANALYSIS = YES;
				CLANG_WARN_STRICT_PROTOTYPES = YES;
				CLANG_WARN_SUSPICIOUS_MOVE = YES;
				CLANG_WARN_UNGUARDED_AVAILABILITY = YES_AGGRESSIVE;
				CLANG_WARN_UNREACHABLE_CODE = YES;
				CLANG_WARN__DUPLICATE_METHOD_MATCH = YES;
				COPY_PHASE_STRIP = NO;
				DEBUG_INFORMATION_FORMAT = dwarf;
				ENABLE_STRICT_OBJC_MSGSEND = YES;
				ENABLE_TESTABILITY = YES;
				GCC_C_LANGUAGE_STANDARD = gnu11;
				GCC_DYNAMIC_NO_PIC = NO;
				GCC_NO_COMMON_BLOCKS = YES;
				GCC_OPTIMIZATION_LEVEL = 0;
				GCC_PREPROCESSOR_DEFINITIONS = (
					"DEBUG=1",
					"$(inherited)",
				);
				GCC_WARN_64_TO_32_BIT_CONVERSION = YES;
				GCC_WARN_ABOUT_RETURN_TYPE = YES_ERROR;
				GCC_WARN_UNDECLARED_SELECTOR = YES;
				GCC_WARN_UNINITIALIZED_AUTOS = YES_AGGRESSIVE;
				GCC_WARN_UNUSED_FUNCTION = YES;
				GCC_WARN_UNUSED_VARIABLE = YES;
				IPHONEOS_DEPLOYMENT_TARGET = 14.4;
				MTL_ENABLE_DEBUG_INFO = INCLUDE_SOURCE;
				MTL_FAST_MATH = YES;
				ONLY_ACTIVE_ARCH = YES;
				SDKROOT = iphoneos;
				SWIFT_ACTIVE_COMPILATION_CONDITIONS = DEBUG;
				SWIFT_OPTIMIZATION_LEVEL = "-Onone";
			};
			name = Debug;
		};
		BA85C50327143BD600E29EBB /* Release */ = {
			isa = XCBuildConfiguration;
			buildSettings = {
				ALWAYS_SEARCH_USER_PATHS = NO;
				CLANG_ANALYZER_NONNULL = YES;
				CLANG_ANALYZER_NUMBER_OBJECT_CONVERSION = YES_AGGRESSIVE;
				CLANG_CXX_LANGUAGE_STANDARD = "gnu++14";
				CLANG_CXX_LIBRARY = "libc++";
				CLANG_ENABLE_MODULES = YES;
				CLANG_ENABLE_OBJC_ARC = YES;
				CLANG_ENABLE_OBJC_WEAK = YES;
				CLANG_WARN_BLOCK_CAPTURE_AUTORELEASING = YES;
				CLANG_WARN_BOOL_CONVERSION = YES;
				CLANG_WARN_COMMA = YES;
				CLANG_WARN_CONSTANT_CONVERSION = YES;
				CLANG_WARN_DEPRECATED_OBJC_IMPLEMENTATIONS = YES;
				CLANG_WARN_DIRECT_OBJC_ISA_USAGE = YES_ERROR;
				CLANG_WARN_DOCUMENTATION_COMMENTS = YES;
				CLANG_WARN_EMPTY_BODY = YES;
				CLANG_WARN_ENUM_CONVERSION = YES;
				CLANG_WARN_INFINITE_RECURSION = YES;
				CLANG_WARN_INT_CONVERSION = YES;
				CLANG_WARN_NON_LITERAL_NULL_CONVERSION = YES;
				CLANG_WARN_OBJC_IMPLICIT_RETAIN_SELF = YES;
				CLANG_WARN_OBJC_LITERAL_CONVERSION = YES;
				CLANG_WARN_OBJC_ROOT_CLASS = YES_ERROR;
				CLANG_WARN_QUOTED_INCLUDE_IN_FRAMEWORK_HEADER = YES;
				CLANG_WARN_RANGE_LOOP_ANALYSIS = YES;
				CLANG_WARN_STRICT_PROTOTYPES = YES;
				CLANG_WARN_SUSPICIOUS_MOVE = YES;
				CLANG_WARN_UNGUARDED_AVAILABILITY = YES_AGGRESSIVE;
				CLANG_WARN_UNREACHABLE_CODE = YES;
				CLANG_WARN__DUPLICATE_METHOD_MATCH = YES;
				COPY_PHASE_STRIP = NO;
				DEBUG_INFORMATION_FORMAT = "dwarf-with-dsym";
				ENABLE_NS_ASSERTIONS = NO;
				ENABLE_STRICT_OBJC_MSGSEND = YES;
				GCC_C_LANGUAGE_STANDARD = gnu11;
				GCC_NO_COMMON_BLOCKS = YES;
				GCC_WARN_64_TO_32_BIT_CONVERSION = YES;
				GCC_WARN_ABOUT_RETURN_TYPE = YES_ERROR;
				GCC_WARN_UNDECLARED_SELECTOR = YES;
				GCC_WARN_UNINITIALIZED_AUTOS = YES_AGGRESSIVE;
				GCC_WARN_UNUSED_FUNCTION = YES;
				GCC_WARN_UNUSED_VARIABLE = YES;
				IPHONEOS_DEPLOYMENT_TARGET = 14.4;
				MTL_ENABLE_DEBUG_INFO = NO;
				MTL_FAST_MATH = YES;
				SDKROOT = iphoneos;
				SWIFT_COMPILATION_MODE = wholemodule;
				SWIFT_OPTIMIZATION_LEVEL = "-O";
				VALIDATE_PRODUCT = YES;
			};
			name = Release;
		};
		BA85C50527143BD600E29EBB /* Debug */ = {
			isa = XCBuildConfiguration;
			buildSettings = {
				ASSETCATALOG_COMPILER_APPICON_NAME = AppIcon;
				ASSETCATALOG_COMPILER_GLOBAL_ACCENT_COLOR_NAME = AccentColor;
				CODE_SIGN_STYLE = Automatic;
				DEVELOPMENT_TEAM = A9P5WQRQM8;
				INFOPLIST_FILE = MovieMVVM/Info.plist;
				LD_RUNPATH_SEARCH_PATHS = (
					"$(inherited)",
					"@executable_path/Frameworks",
				);
				PRODUCT_BUNDLE_IDENTIFIER = nick.MovieMVVM;
				PRODUCT_NAME = "$(TARGET_NAME)";
				SWIFT_VERSION = 5.0;
				TARGETED_DEVICE_FAMILY = "1,2";
			};
			name = Debug;
		};
		BA85C50627143BD600E29EBB /* Release */ = {
			isa = XCBuildConfiguration;
			buildSettings = {
				ASSETCATALOG_COMPILER_APPICON_NAME = AppIcon;
				ASSETCATALOG_COMPILER_GLOBAL_ACCENT_COLOR_NAME = AccentColor;
				CODE_SIGN_STYLE = Automatic;
				DEVELOPMENT_TEAM = A9P5WQRQM8;
				INFOPLIST_FILE = MovieMVVM/Info.plist;
				LD_RUNPATH_SEARCH_PATHS = (
					"$(inherited)",
					"@executable_path/Frameworks",
				);
				PRODUCT_BUNDLE_IDENTIFIER = nick.MovieMVVM;
				PRODUCT_NAME = "$(TARGET_NAME)";
				SWIFT_VERSION = 5.0;
				TARGETED_DEVICE_FAMILY = "1,2";
			};
			name = Release;
		};
		BA85C50827143BD600E29EBB /* Debug */ = {
			isa = XCBuildConfiguration;
			buildSettings = {
				ALWAYS_EMBED_SWIFT_STANDARD_LIBRARIES = YES;
				BUNDLE_LOADER = "$(TEST_HOST)";
				CODE_SIGN_STYLE = Automatic;
				DEVELOPMENT_TEAM = A9P5WQRQM8;
				INFOPLIST_FILE = MovieMVVMTests/Info.plist;
				IPHONEOS_DEPLOYMENT_TARGET = 14.4;
				LD_RUNPATH_SEARCH_PATHS = (
					"$(inherited)",
					"@executable_path/Frameworks",
					"@loader_path/Frameworks",
				);
				PRODUCT_BUNDLE_IDENTIFIER = nick.MovieMVVMTests;
				PRODUCT_NAME = "$(TARGET_NAME)";
				SWIFT_VERSION = 5.0;
				TARGETED_DEVICE_FAMILY = "1,2";
				TEST_HOST = "$(BUILT_PRODUCTS_DIR)/MovieMVVM.app/MovieMVVM";
			};
			name = Debug;
		};
		BA85C50927143BD600E29EBB /* Release */ = {
			isa = XCBuildConfiguration;
			buildSettings = {
				ALWAYS_EMBED_SWIFT_STANDARD_LIBRARIES = YES;
				BUNDLE_LOADER = "$(TEST_HOST)";
				CODE_SIGN_STYLE = Automatic;
				DEVELOPMENT_TEAM = A9P5WQRQM8;
				INFOPLIST_FILE = MovieMVVMTests/Info.plist;
				IPHONEOS_DEPLOYMENT_TARGET = 14.4;
				LD_RUNPATH_SEARCH_PATHS = (
					"$(inherited)",
					"@executable_path/Frameworks",
					"@loader_path/Frameworks",
				);
				PRODUCT_BUNDLE_IDENTIFIER = nick.MovieMVVMTests;
				PRODUCT_NAME = "$(TARGET_NAME)";
				SWIFT_VERSION = 5.0;
				TARGETED_DEVICE_FAMILY = "1,2";
				TEST_HOST = "$(BUILT_PRODUCTS_DIR)/MovieMVVM.app/MovieMVVM";
			};
			name = Release;
		};
		BA85C50B27143BD600E29EBB /* Debug */ = {
			isa = XCBuildConfiguration;
			buildSettings = {
				ALWAYS_EMBED_SWIFT_STANDARD_LIBRARIES = YES;
				CODE_SIGN_STYLE = Automatic;
				DEVELOPMENT_TEAM = A9P5WQRQM8;
				INFOPLIST_FILE = MovieMVVMUITests/Info.plist;
				LD_RUNPATH_SEARCH_PATHS = (
					"$(inherited)",
					"@executable_path/Frameworks",
					"@loader_path/Frameworks",
				);
				PRODUCT_BUNDLE_IDENTIFIER = nick.MovieMVVMUITests;
				PRODUCT_NAME = "$(TARGET_NAME)";
				SWIFT_VERSION = 5.0;
				TARGETED_DEVICE_FAMILY = "1,2";
				TEST_TARGET_NAME = MovieMVVM;
			};
			name = Debug;
		};
		BA85C50C27143BD600E29EBB /* Release */ = {
			isa = XCBuildConfiguration;
			buildSettings = {
				ALWAYS_EMBED_SWIFT_STANDARD_LIBRARIES = YES;
				CODE_SIGN_STYLE = Automatic;
				DEVELOPMENT_TEAM = A9P5WQRQM8;
				INFOPLIST_FILE = MovieMVVMUITests/Info.plist;
				LD_RUNPATH_SEARCH_PATHS = (
					"$(inherited)",
					"@executable_path/Frameworks",
					"@loader_path/Frameworks",
				);
				PRODUCT_BUNDLE_IDENTIFIER = nick.MovieMVVMUITests;
				PRODUCT_NAME = "$(TARGET_NAME)";
				SWIFT_VERSION = 5.0;
				TARGETED_DEVICE_FAMILY = "1,2";
				TEST_TARGET_NAME = MovieMVVM;
			};
			name = Release;
		};
/* End XCBuildConfiguration section */

/* Begin XCConfigurationList section */
		BA85C4D527143BD300E29EBB /* Build configuration list for PBXProject "MovieMVVM" */ = {
			isa = XCConfigurationList;
			buildConfigurations = (
				BA85C50227143BD600E29EBB /* Debug */,
				BA85C50327143BD600E29EBB /* Release */,
			);
			defaultConfigurationIsVisible = 0;
			defaultConfigurationName = Release;
		};
		BA85C50427143BD600E29EBB /* Build configuration list for PBXNativeTarget "MovieMVVM" */ = {
			isa = XCConfigurationList;
			buildConfigurations = (
				BA85C50527143BD600E29EBB /* Debug */,
				BA85C50627143BD600E29EBB /* Release */,
			);
			defaultConfigurationIsVisible = 0;
			defaultConfigurationName = Release;
		};
		BA85C50727143BD600E29EBB /* Build configuration list for PBXNativeTarget "MovieMVVMTests" */ = {
			isa = XCConfigurationList;
			buildConfigurations = (
				BA85C50827143BD600E29EBB /* Debug */,
				BA85C50927143BD600E29EBB /* Release */,
			);
			defaultConfigurationIsVisible = 0;
			defaultConfigurationName = Release;
		};
		BA85C50A27143BD600E29EBB /* Build configuration list for PBXNativeTarget "MovieMVVMUITests" */ = {
			isa = XCConfigurationList;
			buildConfigurations = (
				BA85C50B27143BD600E29EBB /* Debug */,
				BA85C50C27143BD600E29EBB /* Release */,
			);
			defaultConfigurationIsVisible = 0;
			defaultConfigurationName = Release;
		};
/* End XCConfigurationList section */
	};
	rootObject = BA85C4D227143BD300E29EBB /* Project object */;
}
